// !$*UTF8*$!
{
	archiveVersion = 1;
	classes = {
	};
	objectVersion = 42;
	objects = {

/* Begin PBXFileReference section */
		153BDE1F105264CF0028EA6D /* doc-sync.py */ = {isa = PBXFileReference; fileEncoding = 4; lastKnownFileType = text.script.python; path = "doc-sync.py"; sourceTree = "<group>"; };
		153BDE22105266070028EA6D /* Makefile */ = {isa = PBXFileReference; fileEncoding = 4; lastKnownFileType = sourcecode.make; path = Makefile; sourceTree = "<group>"; };
		153BDE23105266070028EA6D /* README */ = {isa = PBXFileReference; fileEncoding = 4; lastKnownFileType = text; path = README; sourceTree = "<group>"; };
/* End PBXFileReference section */

/* Begin PBXGroup section */
		15F3E722100055FD001EA287 = {
			isa = PBXGroup;
			children = (
				153BDE22105266070028EA6D /* Makefile */,
				153BDE23105266070028EA6D /* README */,
				153BDE1F105264CF0028EA6D /* doc-sync.py */,
			);
			sourceTree = "<group>";
		};
/* End PBXGroup section */

/* Begin PBXProject section */
		15F3E724100055FD001EA287 /* Project object */ = {
			isa = PBXProject;
			buildConfigurationList = 15F3E727100055FD001EA287 /* Build configuration list for PBXProject "afts" */;
			compatibilityVersion = "Xcode 2.4";
			hasScannedForEncodings = 0;
			mainGroup = 15F3E722100055FD001EA287;
			projectDirPath = "";
			projectRoot = "";
			targets = (
			);
		};
/* End PBXProject section */

/* Begin XCBuildConfiguration section */
		15F3E725100055FD001EA287 /* Debug */ = {
			isa = XCBuildConfiguration;
			buildSettings = {
				COPY_PHASE_STRIP = NO;
			};
			name = Debug;
		};
		15F3E726100055FD001EA287 /* Release */ = {
			isa = XCBuildConfiguration;
			buildSettings = {
				COPY_PHASE_STRIP = YES;
			};
			name = Release;
		};
/* End XCBuildConfiguration section */

/* Begin XCConfigurationList section */
		15F3E727100055FD001EA287 /* Build configuration list for PBXProject "afts" */ = {
			isa = XCConfigurationList;
			buildConfigurations = (
				15F3E725100055FD001EA287 /* Debug */,
				15F3E726100055FD001EA287 /* Release */,
			);
			defaultConfigurationIsVisible = 0;
			defaultConfigurationName = Release;
		};
/* End XCConfigurationList section */
	};
	rootObject = 15F3E724100055FD001EA287 /* Project object */;
}
